
Microsoft Visual Studio Solution File, Format Version 12.00
# Visual Studio Version 17
VisualStudioVersion = 17.13.35919.96 d17.13
MinimumVisualStudioVersion = 10.0.40219.1
Project("{FAE04EC0-301F-11D3-BF4B-00C04F79EFBC}") = "Info3138-Project1", "Info3138-Project1\Info3138-Project1.csproj", "{62E862F8-CF5A-47C8-91A4-45A5D2E61162}"
EndProject
Global
	GlobalSection(SolutionConfigurationPlatforms) = preSolution
		Debug|Any CPU = Debug|Any CPU
		Release|Any CPU = Release|Any CPU
	EndGlobalSection
	GlobalSection(ProjectConfigurationPlatforms) = postSolution
		{62E862F8-CF5A-47C8-91A4-45A5D2E61162}.Debug|Any CPU.ActiveCfg = Debug|Any CPU
		{62E862F8-CF5A-47C8-91A4-45A5D2E61162}.Debug|Any CPU.Build.0 = Debug|Any CPU
		{62E862F8-CF5A-47C8-91A4-45A5D2E61162}.Release|Any CPU.ActiveCfg = Release|Any CPU
		{62E862F8-CF5A-47C8-91A4-45A5D2E61162}.Release|Any CPU.Build.0 = Release|Any CPU
	EndGlobalSection
	GlobalSection(SolutionProperties) = preSolution
		HideSolutionNode = FALSE
	EndGlobalSection
	GlobalSection(ExtensibilityGlobals) = postSolution
		SolutionGuid = {13957BBB-9568-42FE-B813-0289CEA21D30}
	EndGlobalSection
EndGlobal
